{
  "version": 4,
  "terraform_version": "1.9.8",
  "serial": 17,
  "lineage": "241fb434-0850-806d-ccbe-13b150ab213f",
  "outputs": {},
  "resources": [
    {
      "mode": "managed",
      "type": "digitalocean_droplet",
      "name": "zen-drop",
      "provider": "provider[\"registry.terraform.io/digitalocean/digitalocean\"]",
      "instances": [
        {
          "schema_version": 1,
          "attributes": {
            "backup_policy": [],
            "backups": false,
            "created_at": "2024-12-01T03:08:02Z",
            "disk": 25,
            "droplet_agent": null,
            "graceful_shutdown": false,
            "id": "460926264",
            "image": "ubuntu-20-04-x64",
            "ipv4_address": "162.243.20.115",
            "ipv4_address_private": "10.100.0.2",
            "ipv6": false,
            "ipv6_address": "",
            "locked": false,
            "memory": 1024,
            "monitoring": false,
            "name": "web-1",
            "price_hourly": 0.00893,
            "price_monthly": 6,
            "private_networking": true,
            "region": "nyc2",
            "resize_disk": true,
            "size": "s-1vcpu-1gb",
            "ssh_keys": null,
            "status": "active",
            "tags": null,
            "timeouts": null,
            "urn": "do:droplet:460926264",
            "user_data": null,
            "vcpus": 1,
            "volume_ids": [],
            "vpc_uuid": "c5b22030-ee26-46aa-beaf-8e87b1bf945b"
          },
          "sensitive_attributes": [],
          "private": "eyJlMmJmYjczMC1lY2FhLTExZTYtOGY4OC0zNDM2M2JjN2M0YzAiOnsiY3JlYXRlIjozNjAwMDAwMDAwMDAwLCJkZWxldGUiOjYwMDAwMDAwMDAwLCJ1cGRhdGUiOjM2MDAwMDAwMDAwMDB9LCJzY2hlbWFfdmVyc2lvbiI6IjEifQ=="
        }
      ]
    },
    {
      "mode": "managed",
      "type": "digitalocean_droplet",
      "name": "zen-droplet",
      "provider": "provider[\"registry.terraform.io/digitalocean/digitalocean\"]",
      "instances": [
        {
          "schema_version": 1,
          "attributes": {
            "backup_policy": [],
            "backups": false,
            "created_at": "2024-12-01T03:05:40Z",
            "disk": 25,
            "droplet_agent": null,
            "graceful_shutdown": false,
            "id": "460925928",
            "image": "ubuntu-24-04-x64",
            "ipv4_address": "159.89.190.171",
            "ipv4_address_private": "10.108.0.2",
            "ipv6": false,
            "ipv6_address": "",
            "locked": false,
            "memory": 1024,
            "monitoring": false,
            "name": "zen-droplet",
            "price_hourly": 0.00893,
            "price_monthly": 6,
            "private_networking": true,
            "region": "nyc3",
            "resize_disk": true,
            "size": "s-1vcpu-1gb",
            "ssh_keys": [
              "9f:64:27:eb:77:4c:92:80:c8:45:8c:a8:3b:4a:c2:ac"
            ],
            "status": "active",
            "tags": [],
            "timeouts": null,
            "urn": "do:droplet:460925928",
            "user_data": null,
            "vcpus": 1,
            "volume_ids": [],
            "vpc_uuid": "34a2519c-4098-4e1f-a8d1-e6fe28fba218"
          },
          "sensitive_attributes": [],
          "private": "eyJlMmJmYjczMC1lY2FhLTExZTYtOGY4OC0zNDM2M2JjN2M0YzAiOnsiY3JlYXRlIjozNjAwMDAwMDAwMDAwLCJkZWxldGUiOjYwMDAwMDAwMDAwLCJ1cGRhdGUiOjM2MDAwMDAwMDAwMDB9LCJzY2hlbWFfdmVyc2lvbiI6IjEifQ==",
          "dependencies": [
            "digitalocean_ssh_key.default"
          ]
        }
      ]
    },
    {
      "mode": "managed",
      "type": "digitalocean_project",
      "name": "protohackers",
      "provider": "provider[\"registry.terraform.io/digitalocean/digitalocean\"]",
      "instances": [
        {
          "schema_version": 0,
          "attributes": {
            "created_at": "2024-12-01T03:01:06Z",
            "description": "Writing servers exercises",
            "environment": "",
            "id": "a983cf7f-5b5d-408e-aff0-656221dd9f89",
            "is_default": false,
            "name": "protohackers",
            "owner_id": 18462039,
            "owner_uuid": "ccc2aafd-1ef0-48f2-95ca-4cd7f5212c20",
            "purpose": "Web Application",
            "resources": [],
            "timeouts": null,
            "updated_at": "2024-12-01T03:01:06Z"
          },
          "sensitive_attributes": [],
          "private": "eyJlMmJmYjczMC1lY2FhLTExZTYtOGY4OC0zNDM2M2JjN2M0YzAiOnsiZGVsZXRlIjoxODAwMDAwMDAwMDB9fQ=="
        }
      ]
    },
    {
      "mode": "managed",
      "type": "digitalocean_ssh_key",
      "name": "default",
      "provider": "provider[\"registry.terraform.io/digitalocean/digitalocean\"]",
      "instances": [
        {
          "schema_version": 0,
          "attributes": {
            "fingerprint": "9f:64:27:eb:77:4c:92:80:c8:45:8c:a8:3b:4a:c2:ac",
            "id": "44235910",
            "name": "tf-zennas-key",
            "public_key": "ssh-ed25519 AAAAC3NzaC1lZDI1NTE5AAAAIM0Pvhiqqi4O1z3ja/MfLJIKvTDTY3CE7rnsKtgehof3 zenna@azennazenna\n",
            "timeouts": null
          },
          "sensitive_attributes": [],
          "private": "eyJlMmJmYjczMC1lY2FhLTExZTYtOGY4OC0zNDM2M2JjN2M0YzAiOnsiY3JlYXRlIjoxMjAwMDAwMDAwMDB9fQ=="
        }
      ]
    }
  ],
  "check_results": null
}
